PODS:
  - ESTabBarController (0.1.2)
  - Firebase (2.5.1)
  - SVProgressHUD (1.1.3)

DEPENDENCIES:
  - ESTabBarController
  - Firebase
  - SVProgressHUD

SPEC CHECKSUMS:
  ESTabBarController: ef57e22d9835c7142d3681d38ac158006c40465f
  Firebase: 3565ea88b830f28f2c77ecc524622bc71a20d085
  SVProgressHUD: 748080e4f36e603f6c02aec292664239df5279c1

COCOAPODS: 0.39.0
